{
  "name": "react-native-view-transformer",
  "version": "0.0.28",
  "lockfileVersion": 1,
  "requires": true,
  "dependencies": {
    "react-native-gesture-responder": {
      "version": "0.1.1",
      "resolved": "https://registry.npmjs.org/react-native-gesture-responder/-/react-native-gesture-responder-0.1.1.tgz",
      "integrity": "sha1-gCVS2OtxU8DYGjlumPS4C0BLZ5g=",
      "requires": {
        "react-timer-mixin": "0.13.4"
      }
    },
    "react-native-scroller": {
      "version": "0.0.6",
      "resolved": "https://registry.npmjs.org/react-native-scroller/-/react-native-scroller-0.0.6.tgz",
      "integrity": "sha1-3qjIm9HKLSRF+7azqQlg32wXZ/8="
    },
    "react-timer-mixin": {
      "version": "0.13.4",
      "resolved": "https://registry.npmjs.org/react-timer-mixin/-/react-timer-mixin-0.13.4.tgz",
      "integrity": "sha512-4+ow23tp/Tv7hBM5Az5/Be/eKKF7DIvJ09voz5LyHGQaqqz9WV8YMs31eFvcYQs7d451LSg7kDJV70XYN/Ug/Q=="
    }
  }
}
